{
  "nodes": {
    "flake-utils": {
      "locked": {
        "lastModified": 1614513358,
        "narHash": "sha256-LakhOx3S1dRjnh0b5Dg3mbZyH0ToC9I8Y2wKSkBaTzU=",
        "owner": "numtide",
        "repo": "flake-utils",
        "rev": "5466c5bbece17adaab2d82fae80b46e807611bf3",
        "type": "github"
      },
      "original": {
        "owner": "numtide",
        "repo": "flake-utils",
        "type": "github"
      }
    },
    "nix-bundle": {
      "inputs": {
        "nixpkgs": "nixpkgs",
        "nixpkgs-appimagekit": "nixpkgs-appimagekit",
        "nixpkgs-old": "nixpkgs-old"
      },
      "locked": {
        "lastModified": 1617996354,
        "narHash": "sha256-kN5GSxWIZAyDfecoZGI1OwPRqvktpDSKXFIrwfT048Y=",
        "owner": "radvendii",
        "repo": "nix-bundle",
        "rev": "b2ab96447e83603f6d0e373d432d60dd42b84084",
        "type": "github"
      },
      "original": {
        "owner": "radvendii",
        "repo": "nix-bundle",
        "type": "github"
      }
    },
    "nixpkgs": {
      "locked": {
        "lastModified": 1616703943,
        "narHash": "sha256-0gBKjK81fuj7qvfM439CRlR3e4yjYMenPYvBKU7YH/s=",
        "owner": "NixOS",
        "repo": "nixpkgs",
        "rev": "1eea37190739485a01f5036558cd2ff257985678",
        "type": "github"
      },
      "original": {
        "id": "nixpkgs",
        "ref": "nixos-20.03-small",
        "type": "indirect"
      }
    },
    "nixpkgs-appimagekit": {
      "locked": {
        "lastModified": 1617929752,
        "narHash": "sha256-ji0nqJUZp2bfHvO0sKxD24cW6Nk7LyjbPPMxjbJHji0=",
        "owner": "NixOS",
        "repo": "nixpkgs",
        "rev": "6fc2b7ecc2a167ce6a6902d5417daf1fa5cac777",
        "type": "github"
      },
      "original": {
        "id": "nixpkgs",
        "ref": "master",
        "type": "indirect"
      }
    },
    "nixpkgs-old": {
      "flake": false,
      "locked": {
        "lastModified": 1475375830,
        "narHash": "sha256-8K9wvu82flzlzpU1uJv/T8IaLGQlsCASwjxGcrVjpbM=",
        "owner": "NixOS",
        "repo": "nixpkgs",
        "rev": "f22817d8d2bc17d2bcdb8ac4308a4bce6f5d1d2b",
        "type": "github"
      },
      "original": {
        "id": "nixpkgs",
        "ref": "16.09",
        "type": "indirect"
      }
    },
    "nixpkgs_2": {
      "locked": {
        "lastModified": 1618778397,
        "narHash": "sha256-dae6dCxUnHcisXBEMDdNJbtfL5hVdGPp9Z9ovLf12RA=",
        "owner": "nixos",
        "repo": "nixpkgs",
        "rev": "b9e4b02b388bba1be475b16fa2681c85799fbb66",
        "type": "github"
      },
      "original": {
        "owner": "nixos",
        "repo": "nixpkgs",
        "type": "github"
      }
    },
    "root": {
      "inputs": {
        "flake-utils": "flake-utils",
        "nix-bundle": "nix-bundle",
        "nixpkgs": "nixpkgs_2"
      }
    }
  },
  "root": "root",
  "version": 7
}
