{
  "nodes": {
    "flake-utils": {
      "inputs": {
        "systems": "systems"
      },
      "locked": {
        "lastModified": 1710146030,
        "narHash": "sha256-SZ5L6eA7HJ/nmkzGG7/ISclqe6oZdOZTNoesiInkXPQ=",
        "owner": "numtide",
        "repo": "flake-utils",
        "rev": "b1d9ab70662946ef0850d488da1c9019f3a9752a",
        "type": "github"
      },
      "original": {
        "owner": "numtide",
        "repo": "flake-utils",
        "type": "github"
      }
    },
    "nix-bundle": {
      "inputs": {
        "nixpkgs": "nixpkgs",
        "nixpkgs-appimagekit": "nixpkgs-appimagekit"
      },
      "locked": {
        "lastModified": 1627593882,
        "narHash": "sha256-3KfL6nGZlXL8vdHWS3NOzswR3Ji56osRMUrQw12/XiE=",
        "owner": "radvendii",
        "repo": "nix-bundle",
        "rev": "5e1e68dab10013871481d922038c6be57da92dc7",
        "type": "github"
      },
      "original": {
        "owner": "radvendii",
        "repo": "nix-bundle",
        "type": "github"
      }
    },
    "nixpkgs": {
      "locked": {
        "lastModified": 1616703943,
        "narHash": "sha256-0gBKjK81fuj7qvfM439CRlR3e4yjYMenPYvBKU7YH/s=",
        "owner": "NixOS",
        "repo": "nixpkgs",
        "rev": "1eea37190739485a01f5036558cd2ff257985678",
        "type": "github"
      },
      "original": {
        "id": "nixpkgs",
        "ref": "nixos-20.03-small",
        "type": "indirect"
      }
    },
    "nixpkgs-appimagekit": {
      "locked": {
        "lastModified": 1617929752,
        "narHash": "sha256-ji0nqJUZp2bfHvO0sKxD24cW6Nk7LyjbPPMxjbJHji0=",
        "owner": "NixOS",
        "repo": "nixpkgs",
        "rev": "6fc2b7ecc2a167ce6a6902d5417daf1fa5cac777",
        "type": "github"
      },
      "original": {
        "id": "nixpkgs",
        "ref": "master",
        "type": "indirect"
      }
    },
    "nixpkgs_2": {
      "locked": {
        "lastModified": 1719049198,
        "narHash": "sha256-LcT3+nCqPXs0wwiF8Ue9s1tjKl+qT7MwrCHFIpb5JZQ=",
        "owner": "nixos",
        "repo": "nixpkgs",
        "rev": "f399afc5ef2305bba871adc253a3549f4eb603c1",
        "type": "github"
      },
      "original": {
        "owner": "nixos",
        "repo": "nixpkgs",
        "type": "github"
      }
    },
    "root": {
      "inputs": {
        "flake-utils": "flake-utils",
        "nix-bundle": "nix-bundle",
        "nixpkgs": "nixpkgs_2"
      }
    },
    "systems": {
      "locked": {
        "lastModified": 1681028828,
        "narHash": "sha256-Vy1rq5AaRuLzOxct8nz4T6wlgyUR7zLU309k9mBC768=",
        "owner": "nix-systems",
        "repo": "default",
        "rev": "da67096a3b9bf56a91d16901293e51ba5b49a27e",
        "type": "github"
      },
      "original": {
        "owner": "nix-systems",
        "repo": "default",
        "type": "github"
      }
    }
  },
  "root": "root",
  "version": 7
}
