{
  "nodes": {
    "flake-utils": {
      "locked": {
        "lastModified": 1614513358,
        "narHash": "sha256-LakhOx3S1dRjnh0b5Dg3mbZyH0ToC9I8Y2wKSkBaTzU=",
        "owner": "numtide",
        "repo": "flake-utils",
        "rev": "5466c5bbece17adaab2d82fae80b46e807611bf3",
        "type": "github"
      },
      "original": {
        "owner": "numtide",
        "repo": "flake-utils",
        "type": "github"
      }
    },
    "hakyll-flakes": {
      "inputs": {
        "hakyll-sass-src": "hakyll-sass-src",
        "hakyll-src": "hakyll-src",
        "nixpkgs": "nixpkgs"
      },
      "locked": {
        "lastModified": 1617938524,
        "narHash": "sha256-JnKWFyYCOQVF6P6W293aJiYD7j6476YyeDRHwOI1H5k=",
        "owner": "Radvendii",
        "repo": "hakyll-flakes",
        "rev": "c9bfd4f9150e64de2e9e84a3473d36889af7a08b",
        "type": "github"
      },
      "original": {
        "owner": "Radvendii",
        "repo": "hakyll-flakes",
        "type": "github"
      }
    },
    "hakyll-sass-src": {
      "flake": false,
      "locked": {
        "lastModified": 1545090064,
        "narHash": "sha256-/d0zQwWDjHYym8Wwp2GiybMLn4AYS52kpOAYTWRbZDw=",
        "owner": "meoblast001",
        "repo": "hakyll-sass",
        "rev": "495060d23c2d99047c1448ded1f37fb0f88469e6",
        "type": "github"
      },
      "original": {
        "owner": "meoblast001",
        "ref": "release-0.2.4",
        "repo": "hakyll-sass",
        "type": "github"
      }
    },
    "hakyll-src": {
      "flake": false,
      "locked": {
        "lastModified": 1601467679,
        "narHash": "sha256-rWd5tSGyPB/vvlhOuDKC85onx2d5+lApTS1lqRJrwpg=",
        "owner": "jaspervdj",
        "repo": "hakyll",
        "rev": "e9a8139152b166eae75083259fc3e824675de6fb",
        "type": "github"
      },
      "original": {
        "owner": "jaspervdj",
        "ref": "v4.13.4.1",
        "repo": "hakyll",
        "type": "github"
      }
    },
    "nixpkgs": {
      "locked": {
        "lastModified": 1603791972,
        "narHash": "sha256-nj2SvACFH+NERpye1kudcuygCcvnsZYv26M2+wgM5vE=",
        "owner": "NixOS",
        "repo": "nixpkgs",
        "rev": "cd63096d6d887d689543a0b97743d28995bc9bc3",
        "type": "github"
      },
      "original": {
        "id": "nixpkgs",
        "ref": "20.09",
        "type": "indirect"
      }
    },
    "nixpkgs_2": {
      "locked": {
        "lastModified": 1615669355,
        "narHash": "sha256-Abx/CgQh2Hf85Z2+1aGbW4ouznN0SYBlTGUkeWb+Y+U=",
        "owner": "nixos",
        "repo": "nixpkgs",
        "rev": "8ecf143cb0cfe93cb50337865f5dbceceeee0d0a",
        "type": "github"
      },
      "original": {
        "owner": "nixos",
        "repo": "nixpkgs",
        "type": "github"
      }
    },
    "root": {
      "inputs": {
        "flake-utils": "flake-utils",
        "hakyll-flakes": "hakyll-flakes",
        "nixpkgs": "nixpkgs_2"
      }
    }
  },
  "root": "root",
  "version": 7
}
